
Microsoft Visual Studio Solution File, Format Version 12.00
# Visual Studio Version 16
VisualStudioVersion = 16.0.28714.193
MinimumVisualStudioVersion = 10.0.40219.1
Project("{FAE04EC0-301F-11D3-BF4B-00C04F79EFBC}") = "JTF-Memory-AspNet", "JTF-Memory-AspNet\JTF-Memory-AspNet.csproj", "{0CB8BE15-05FD-4F4E-8DE3-9A83F5E4D7B2}"
EndProject
Global
	GlobalSection(SolutionConfigurationPlatforms) = preSolution
		Debug|Any CPU = Debug|Any CPU
		Release|Any CPU = Release|Any CPU
	EndGlobalSection
	GlobalSection(ProjectConfigurationPlatforms) = postSolution
		{0CB8BE15-05FD-4F4E-8DE3-9A83F5E4D7B2}.Debug|Any CPU.ActiveCfg = Debug|Any CPU
		{0CB8BE15-05FD-4F4E-8DE3-9A83F5E4D7B2}.Debug|Any CPU.Build.0 = Debug|Any CPU
		{0CB8BE15-05FD-4F4E-8DE3-9A83F5E4D7B2}.Release|Any CPU.ActiveCfg = Release|Any CPU
		{0CB8BE15-05FD-4F4E-8DE3-9A83F5E4D7B2}.Release|Any CPU.Build.0 = Release|Any CPU
	EndGlobalSection
	GlobalSection(SolutionProperties) = preSolution
		HideSolutionNode = FALSE
	EndGlobalSection
	GlobalSection(ExtensibilityGlobals) = postSolution
		SolutionGuid = {C06BE292-075C-4AA1-BA12-886D560AF51C}
	EndGlobalSection
EndGlobal
